<Solution>
    <Folder Name="/src/">
        <Project Path="src/SBuild.Cli/SBuild.Cli.csproj" />
        <Project Path="src/SBuild.Compilation/SBuild.Compilation.csproj" />
        <Project Path="src/SBuild.Manifests/SBuild.Manifests.csproj" />
        <Project Path="src/SBuild.ProjectGeneration/SBuild.ProjectGeneration.csproj" />
    </Folder>
    <Folder Name="/tests/">   
    </Folder>
</Solution>